
Microsoft Visual Studio Solution File, Format Version 12.00
# Visual Studio 14
VisualStudioVersion = 14.0.25420.1
MinimumVisualStudioVersion = 10.0.40219.1
Project("{FAE04EC0-301F-11D3-BF4B-00C04F79EFBC}") = "Mugen.View.Wpf", "Mugen.View.Wpf\Mugen.View.Wpf.csproj", "{FE1FF5C3-9D6D-4635-81D6-35CBA7A8AFF8}"
EndProject
Project("{FAE04EC0-301F-11D3-BF4B-00C04F79EFBC}") = "Cross.Core", "Cross.Core\Cross.Core.csproj", "{B34A49EB-F0C5-49F4-A951-CAA5B344A796}"
EndProject
Project("{FAE04EC0-301F-11D3-BF4B-00C04F79EFBC}") = "Cross.View.Wpf", "Cross.View.Wpf\Cross.View.Wpf.csproj", "{D96FD043-87A6-4AF1-BF83-10608FD196AA}"
EndProject
Project("{FAE04EC0-301F-11D3-BF4B-00C04F79EFBC}") = "Reactive.Core", "Reactive.Core\Reactive.Core.csproj", "{EC3623D1-CDEC-4CCD-AAB2-0377B513705C}"
EndProject
Project("{FAE04EC0-301F-11D3-BF4B-00C04F79EFBC}") = "Reactive.View.Wpf", "Reactive.View.Wpf\Reactive.View.Wpf.csproj", "{9C88511F-1155-4AF6-A414-862656D0C460}"
EndProject
Project("{FAE04EC0-301F-11D3-BF4B-00C04F79EFBC}") = "Caliburn.View.Wpf", "Caliburn.View.Wpf\Caliburn.View.Wpf.csproj", "{00F8966F-E789-477B-9F06-0FAE6C2D7146}"
EndProject
Project("{FAE04EC0-301F-11D3-BF4B-00C04F79EFBC}") = "Light.Core", "Light.Core\Light.Core.csproj", "{D5E991B9-B739-4FE7-8F92-B1A43FC89FF8}"
EndProject
Project("{FAE04EC0-301F-11D3-BF4B-00C04F79EFBC}") = "Light.View.Wpf", "Light.View.Wpf\Light.View.Wpf.csproj", "{38976F9C-01DA-4DF9-B22A-CF0A0475C61C}"
EndProject
Project("{FAE04EC0-301F-11D3-BF4B-00C04F79EFBC}") = "Prism.PortableCore", "Prism.PortableCore\Prism.PortableCore.csproj", "{74ED450F-8297-4F59-9F89-76CA6036FE7F}"
EndProject
Project("{FAE04EC0-301F-11D3-BF4B-00C04F79EFBC}") = "Prism.View.Wpf", "Prism.View.Wpf\Prism.View.Wpf.csproj", "{29108663-7CB2-456A-ABC0-281C193D042D}"
EndProject
Project("{FAE04EC0-301F-11D3-BF4B-00C04F79EFBC}") = "Catel.PortableCore", "Catel.PortableCore\Catel.PortableCore.csproj", "{4C660AD8-446D-4BC0-B55C-CA921470B139}"
EndProject
Project("{FAE04EC0-301F-11D3-BF4B-00C04F79EFBC}") = "Catel.View.Wpf", "Catel.View.Wpf\Catel.View.Wpf.csproj", "{A3EE4B0E-7254-45E7-8939-5D404D3B32B3}"
EndProject
Project("{FAE04EC0-301F-11D3-BF4B-00C04F79EFBC}") = "Mugen.View.WinForms", "Mugen.View.WinForms\Mugen.View.WinForms.csproj", "{520B86E3-800C-42FA-AC97-29DAB287526C}"
EndProject
Project("{FAE04EC0-301F-11D3-BF4B-00C04F79EFBC}") = "Mugen.PortableCore", "Mugen.PortableCore\Mugen.PortableCore.csproj", "{71FE53C2-4918-493E-8068-BF0F019DF070}"
EndProject
Project("{FAE04EC0-301F-11D3-BF4B-00C04F79EFBC}") = "Caliburn.PortableCore", "Caliburn.PortableCore\Caliburn.PortableCore.csproj", "{8F16883F-25D4-4A7E-A4BF-6854911B6B17}"
EndProject
Global
	GlobalSection(SolutionConfigurationPlatforms) = preSolution
		Debug|Any CPU = Debug|Any CPU
		Release|Any CPU = Release|Any CPU
	EndGlobalSection
	GlobalSection(ProjectConfigurationPlatforms) = postSolution
		{FE1FF5C3-9D6D-4635-81D6-35CBA7A8AFF8}.Debug|Any CPU.ActiveCfg = Debug|Any CPU
		{FE1FF5C3-9D6D-4635-81D6-35CBA7A8AFF8}.Debug|Any CPU.Build.0 = Debug|Any CPU
		{FE1FF5C3-9D6D-4635-81D6-35CBA7A8AFF8}.Release|Any CPU.ActiveCfg = Release|Any CPU
		{FE1FF5C3-9D6D-4635-81D6-35CBA7A8AFF8}.Release|Any CPU.Build.0 = Release|Any CPU
		{B34A49EB-F0C5-49F4-A951-CAA5B344A796}.Debug|Any CPU.ActiveCfg = Debug|Any CPU
		{B34A49EB-F0C5-49F4-A951-CAA5B344A796}.Debug|Any CPU.Build.0 = Debug|Any CPU
		{B34A49EB-F0C5-49F4-A951-CAA5B344A796}.Release|Any CPU.ActiveCfg = Release|Any CPU
		{B34A49EB-F0C5-49F4-A951-CAA5B344A796}.Release|Any CPU.Build.0 = Release|Any CPU
		{D96FD043-87A6-4AF1-BF83-10608FD196AA}.Debug|Any CPU.ActiveCfg = Debug|Any CPU
		{D96FD043-87A6-4AF1-BF83-10608FD196AA}.Debug|Any CPU.Build.0 = Debug|Any CPU
		{D96FD043-87A6-4AF1-BF83-10608FD196AA}.Release|Any CPU.ActiveCfg = Release|Any CPU
		{D96FD043-87A6-4AF1-BF83-10608FD196AA}.Release|Any CPU.Build.0 = Release|Any CPU
		{EC3623D1-CDEC-4CCD-AAB2-0377B513705C}.Debug|Any CPU.ActiveCfg = Debug|Any CPU
		{EC3623D1-CDEC-4CCD-AAB2-0377B513705C}.Debug|Any CPU.Build.0 = Debug|Any CPU
		{EC3623D1-CDEC-4CCD-AAB2-0377B513705C}.Release|Any CPU.ActiveCfg = Release|Any CPU
		{EC3623D1-CDEC-4CCD-AAB2-0377B513705C}.Release|Any CPU.Build.0 = Release|Any CPU
		{9C88511F-1155-4AF6-A414-862656D0C460}.Debug|Any CPU.ActiveCfg = Debug|Any CPU
		{9C88511F-1155-4AF6-A414-862656D0C460}.Debug|Any CPU.Build.0 = Debug|Any CPU
		{9C88511F-1155-4AF6-A414-862656D0C460}.Release|Any CPU.ActiveCfg = Release|Any CPU
		{9C88511F-1155-4AF6-A414-862656D0C460}.Release|Any CPU.Build.0 = Release|Any CPU
		{00F8966F-E789-477B-9F06-0FAE6C2D7146}.Debug|Any CPU.ActiveCfg = Debug|Any CPU
		{00F8966F-E789-477B-9F06-0FAE6C2D7146}.Debug|Any CPU.Build.0 = Debug|Any CPU
		{00F8966F-E789-477B-9F06-0FAE6C2D7146}.Release|Any CPU.ActiveCfg = Release|Any CPU
		{00F8966F-E789-477B-9F06-0FAE6C2D7146}.Release|Any CPU.Build.0 = Release|Any CPU
		{D5E991B9-B739-4FE7-8F92-B1A43FC89FF8}.Debug|Any CPU.ActiveCfg = Debug|Any CPU
		{D5E991B9-B739-4FE7-8F92-B1A43FC89FF8}.Debug|Any CPU.Build.0 = Debug|Any CPU
		{D5E991B9-B739-4FE7-8F92-B1A43FC89FF8}.Release|Any CPU.ActiveCfg = Release|Any CPU
		{D5E991B9-B739-4FE7-8F92-B1A43FC89FF8}.Release|Any CPU.Build.0 = Release|Any CPU
		{38976F9C-01DA-4DF9-B22A-CF0A0475C61C}.Debug|Any CPU.ActiveCfg = Debug|Any CPU
		{38976F9C-01DA-4DF9-B22A-CF0A0475C61C}.Debug|Any CPU.Build.0 = Debug|Any CPU
		{38976F9C-01DA-4DF9-B22A-CF0A0475C61C}.Release|Any CPU.ActiveCfg = Release|Any CPU
		{38976F9C-01DA-4DF9-B22A-CF0A0475C61C}.Release|Any CPU.Build.0 = Release|Any CPU
		{74ED450F-8297-4F59-9F89-76CA6036FE7F}.Debug|Any CPU.ActiveCfg = Debug|Any CPU
		{74ED450F-8297-4F59-9F89-76CA6036FE7F}.Debug|Any CPU.Build.0 = Debug|Any CPU
		{74ED450F-8297-4F59-9F89-76CA6036FE7F}.Release|Any CPU.ActiveCfg = Release|Any CPU
		{74ED450F-8297-4F59-9F89-76CA6036FE7F}.Release|Any CPU.Build.0 = Release|Any CPU
		{29108663-7CB2-456A-ABC0-281C193D042D}.Debug|Any CPU.ActiveCfg = Debug|Any CPU
		{29108663-7CB2-456A-ABC0-281C193D042D}.Debug|Any CPU.Build.0 = Debug|Any CPU
		{29108663-7CB2-456A-ABC0-281C193D042D}.Release|Any CPU.ActiveCfg = Release|Any CPU
		{29108663-7CB2-456A-ABC0-281C193D042D}.Release|Any CPU.Build.0 = Release|Any CPU
		{4C660AD8-446D-4BC0-B55C-CA921470B139}.Debug|Any CPU.ActiveCfg = Debug|Any CPU
		{4C660AD8-446D-4BC0-B55C-CA921470B139}.Debug|Any CPU.Build.0 = Debug|Any CPU
		{4C660AD8-446D-4BC0-B55C-CA921470B139}.Release|Any CPU.ActiveCfg = Release|Any CPU
		{4C660AD8-446D-4BC0-B55C-CA921470B139}.Release|Any CPU.Build.0 = Release|Any CPU
		{A3EE4B0E-7254-45E7-8939-5D404D3B32B3}.Debug|Any CPU.ActiveCfg = Debug|Any CPU
		{A3EE4B0E-7254-45E7-8939-5D404D3B32B3}.Debug|Any CPU.Build.0 = Debug|Any CPU
		{A3EE4B0E-7254-45E7-8939-5D404D3B32B3}.Release|Any CPU.ActiveCfg = Release|Any CPU
		{A3EE4B0E-7254-45E7-8939-5D404D3B32B3}.Release|Any CPU.Build.0 = Release|Any CPU
		{520B86E3-800C-42FA-AC97-29DAB287526C}.Debug|Any CPU.ActiveCfg = Debug|Any CPU
		{520B86E3-800C-42FA-AC97-29DAB287526C}.Debug|Any CPU.Build.0 = Debug|Any CPU
		{520B86E3-800C-42FA-AC97-29DAB287526C}.Release|Any CPU.ActiveCfg = Release|Any CPU
		{520B86E3-800C-42FA-AC97-29DAB287526C}.Release|Any CPU.Build.0 = Release|Any CPU
		{71FE53C2-4918-493E-8068-BF0F019DF070}.Debug|Any CPU.ActiveCfg = Debug|Any CPU
		{71FE53C2-4918-493E-8068-BF0F019DF070}.Debug|Any CPU.Build.0 = Debug|Any CPU
		{71FE53C2-4918-493E-8068-BF0F019DF070}.Release|Any CPU.ActiveCfg = Release|Any CPU
		{71FE53C2-4918-493E-8068-BF0F019DF070}.Release|Any CPU.Build.0 = Release|Any CPU
		{8F16883F-25D4-4A7E-A4BF-6854911B6B17}.Debug|Any CPU.ActiveCfg = Debug|Any CPU
		{8F16883F-25D4-4A7E-A4BF-6854911B6B17}.Debug|Any CPU.Build.0 = Debug|Any CPU
		{8F16883F-25D4-4A7E-A4BF-6854911B6B17}.Release|Any CPU.ActiveCfg = Release|Any CPU
		{8F16883F-25D4-4A7E-A4BF-6854911B6B17}.Release|Any CPU.Build.0 = Release|Any CPU
	EndGlobalSection
	GlobalSection(SolutionProperties) = preSolution
		HideSolutionNode = FALSE
	EndGlobalSection
EndGlobal
