
Microsoft Visual Studio Solution File, Format Version 12.00
# Visual Studio 15
VisualStudioVersion = 15.0.26228.9
MinimumVisualStudioVersion = 10.0.40219.1
Project("{FAE04EC0-301F-11D3-BF4B-00C04F79EFBC}") = "Mugen.Core", "Mugen.Core\Mugen.Core.csproj", "{02ED43AD-4F99-4D01-A913-51644E70F1DE}"
EndProject
Project("{FAE04EC0-301F-11D3-BF4B-00C04F79EFBC}") = "Mugen.View", "Mugen.View\Mugen.View.csproj", "{FE1FF5C3-9D6D-4635-81D6-35CBA7A8AFF8}"
EndProject
Project("{FAE04EC0-301F-11D3-BF4B-00C04F79EFBC}") = "Cross.Core", "Cross.Core\Cross.Core.csproj", "{B34A49EB-F0C5-49F4-A951-CAA5B344A796}"
EndProject
Project("{FAE04EC0-301F-11D3-BF4B-00C04F79EFBC}") = "Cross.View", "Cross.View\Cross.View.csproj", "{D96FD043-87A6-4AF1-BF83-10608FD196AA}"
EndProject
Global
	GlobalSection(SolutionConfigurationPlatforms) = preSolution
		Debug|Any CPU = Debug|Any CPU
		Release|Any CPU = Release|Any CPU
	EndGlobalSection
	GlobalSection(ProjectConfigurationPlatforms) = postSolution
		{02ED43AD-4F99-4D01-A913-51644E70F1DE}.Debug|Any CPU.ActiveCfg = Debug|Any CPU
		{02ED43AD-4F99-4D01-A913-51644E70F1DE}.Debug|Any CPU.Build.0 = Debug|Any CPU
		{02ED43AD-4F99-4D01-A913-51644E70F1DE}.Release|Any CPU.ActiveCfg = Release|Any CPU
		{02ED43AD-4F99-4D01-A913-51644E70F1DE}.Release|Any CPU.Build.0 = Release|Any CPU
		{FE1FF5C3-9D6D-4635-81D6-35CBA7A8AFF8}.Debug|Any CPU.ActiveCfg = Debug|Any CPU
		{FE1FF5C3-9D6D-4635-81D6-35CBA7A8AFF8}.Debug|Any CPU.Build.0 = Debug|Any CPU
		{FE1FF5C3-9D6D-4635-81D6-35CBA7A8AFF8}.Release|Any CPU.ActiveCfg = Release|Any CPU
		{FE1FF5C3-9D6D-4635-81D6-35CBA7A8AFF8}.Release|Any CPU.Build.0 = Release|Any CPU
		{B34A49EB-F0C5-49F4-A951-CAA5B344A796}.Debug|Any CPU.ActiveCfg = Debug|Any CPU
		{B34A49EB-F0C5-49F4-A951-CAA5B344A796}.Debug|Any CPU.Build.0 = Debug|Any CPU
		{B34A49EB-F0C5-49F4-A951-CAA5B344A796}.Release|Any CPU.ActiveCfg = Release|Any CPU
		{B34A49EB-F0C5-49F4-A951-CAA5B344A796}.Release|Any CPU.Build.0 = Release|Any CPU
		{D96FD043-87A6-4AF1-BF83-10608FD196AA}.Debug|Any CPU.ActiveCfg = Debug|Any CPU
		{D96FD043-87A6-4AF1-BF83-10608FD196AA}.Debug|Any CPU.Build.0 = Debug|Any CPU
		{D96FD043-87A6-4AF1-BF83-10608FD196AA}.Release|Any CPU.ActiveCfg = Release|Any CPU
		{D96FD043-87A6-4AF1-BF83-10608FD196AA}.Release|Any CPU.Build.0 = Release|Any CPU
	EndGlobalSection
	GlobalSection(SolutionProperties) = preSolution
		HideSolutionNode = FALSE
	EndGlobalSection
EndGlobal
